
Microsoft Visual Studio Solution File, Format Version 12.00
# Visual Studio Version 16
VisualStudioVersion = 16.0.31112.23
MinimumVisualStudioVersion = 10.0.40219.1
Project("{8BC9CEB8-8B4A-11D0-8D11-00A0C91BC942}") = "2022_HW1_C193139_송지근", "2022_HW1_C193139_송지근\2022_HW1_C193139_송지근.vcxproj", "{9429DD63-3C7B-47EA-A258-76FF6B8D6715}"
EndProject
Global
	GlobalSection(SolutionConfigurationPlatforms) = preSolution
		Debug|x64 = Debug|x64
		Debug|x86 = Debug|x86
		Release|x64 = Release|x64
		Release|x86 = Release|x86
	EndGlobalSection
	GlobalSection(ProjectConfigurationPlatforms) = postSolution
		{9429DD63-3C7B-47EA-A258-76FF6B8D6715}.Debug|x64.ActiveCfg = Debug|x64
		{9429DD63-3C7B-47EA-A258-76FF6B8D6715}.Debug|x64.Build.0 = Debug|x64
		{9429DD63-3C7B-47EA-A258-76FF6B8D6715}.Debug|x86.ActiveCfg = Debug|Win32
		{9429DD63-3C7B-47EA-A258-76FF6B8D6715}.Debug|x86.Build.0 = Debug|Win32
		{9429DD63-3C7B-47EA-A258-76FF6B8D6715}.Release|x64.ActiveCfg = Release|x64
		{9429DD63-3C7B-47EA-A258-76FF6B8D6715}.Release|x64.Build.0 = Release|x64
		{9429DD63-3C7B-47EA-A258-76FF6B8D6715}.Release|x86.ActiveCfg = Release|Win32
		{9429DD63-3C7B-47EA-A258-76FF6B8D6715}.Release|x86.Build.0 = Release|Win32
	EndGlobalSection
	GlobalSection(SolutionProperties) = preSolution
		HideSolutionNode = FALSE
	EndGlobalSection
	GlobalSection(ExtensibilityGlobals) = postSolution
		SolutionGuid = {84A59DC5-3109-4849-9300-9F6B5EF8766B}
	EndGlobalSection
EndGlobal
