
Microsoft Visual Studio Solution File, Format Version 12.00
# Visual Studio Version 16
VisualStudioVersion = 16.0.31112.23
MinimumVisualStudioVersion = 10.0.40219.1
Project("{8BC9CEB8-8B4A-11D0-8D11-00A0C91BC942}") = "HW3_C193139_송지근", "HW3_C193139_송지근\HW3_C193139_송지근.vcxproj", "{8A111F96-3C5B-4F4A-B52E-7A91B1AAD7A7}"
EndProject
Global
	GlobalSection(SolutionConfigurationPlatforms) = preSolution
		Debug|x64 = Debug|x64
		Debug|x86 = Debug|x86
		Release|x64 = Release|x64
		Release|x86 = Release|x86
	EndGlobalSection
	GlobalSection(ProjectConfigurationPlatforms) = postSolution
		{8A111F96-3C5B-4F4A-B52E-7A91B1AAD7A7}.Debug|x64.ActiveCfg = Debug|x64
		{8A111F96-3C5B-4F4A-B52E-7A91B1AAD7A7}.Debug|x64.Build.0 = Debug|x64
		{8A111F96-3C5B-4F4A-B52E-7A91B1AAD7A7}.Debug|x86.ActiveCfg = Debug|Win32
		{8A111F96-3C5B-4F4A-B52E-7A91B1AAD7A7}.Debug|x86.Build.0 = Debug|Win32
		{8A111F96-3C5B-4F4A-B52E-7A91B1AAD7A7}.Release|x64.ActiveCfg = Release|x64
		{8A111F96-3C5B-4F4A-B52E-7A91B1AAD7A7}.Release|x64.Build.0 = Release|x64
		{8A111F96-3C5B-4F4A-B52E-7A91B1AAD7A7}.Release|x86.ActiveCfg = Release|Win32
		{8A111F96-3C5B-4F4A-B52E-7A91B1AAD7A7}.Release|x86.Build.0 = Release|Win32
	EndGlobalSection
	GlobalSection(SolutionProperties) = preSolution
		HideSolutionNode = FALSE
	EndGlobalSection
	GlobalSection(ExtensibilityGlobals) = postSolution
		SolutionGuid = {A9AAFF1F-60E8-4757-8BBD-59696EE7BB21}
	EndGlobalSection
EndGlobal
